
Microsoft Visual Studio Solution File, Format Version 12.00
# Visual Studio Version 16
VisualStudioVersion = 16.0.32802.440
MinimumVisualStudioVersion = 10.0.40219.1
Project("{9A19103F-16F7-4668-BE54-9A1E7A4F7556}") = "Homework", "11. Task 26.11\Homework.csproj", "{1A4DB3F7-AA3B-4E3D-8C50-A1C84D659D4E}"
EndProject
Project("{FAE04EC0-301F-11D3-BF4B-00C04F79EFBC}") = "Tumakov", "Tumakov\Tumakov.csproj", "{A3B9F59E-C822-4FBF-8AE5-A384AF61C6A9}"
EndProject
Global
	GlobalSection(SolutionConfigurationPlatforms) = preSolution
		Debug|Any CPU = Debug|Any CPU
		Release|Any CPU = Release|Any CPU
	EndGlobalSection
	GlobalSection(ProjectConfigurationPlatforms) = postSolution
		{1A4DB3F7-AA3B-4E3D-8C50-A1C84D659D4E}.Debug|Any CPU.ActiveCfg = Debug|Any CPU
		{1A4DB3F7-AA3B-4E3D-8C50-A1C84D659D4E}.Debug|Any CPU.Build.0 = Debug|Any CPU
		{1A4DB3F7-AA3B-4E3D-8C50-A1C84D659D4E}.Release|Any CPU.ActiveCfg = Release|Any CPU
		{1A4DB3F7-AA3B-4E3D-8C50-A1C84D659D4E}.Release|Any CPU.Build.0 = Release|Any CPU
		{A3B9F59E-C822-4FBF-8AE5-A384AF61C6A9}.Debug|Any CPU.ActiveCfg = Debug|Any CPU
		{A3B9F59E-C822-4FBF-8AE5-A384AF61C6A9}.Debug|Any CPU.Build.0 = Debug|Any CPU
		{A3B9F59E-C822-4FBF-8AE5-A384AF61C6A9}.Release|Any CPU.ActiveCfg = Release|Any CPU
		{A3B9F59E-C822-4FBF-8AE5-A384AF61C6A9}.Release|Any CPU.Build.0 = Release|Any CPU
	EndGlobalSection
	GlobalSection(SolutionProperties) = preSolution
		HideSolutionNode = FALSE
	EndGlobalSection
	GlobalSection(ExtensibilityGlobals) = postSolution
		SolutionGuid = {4F264FA2-5E0A-4D86-BEF2-22EB04DBCF97}
	EndGlobalSection
EndGlobal
